
Microsoft Visual Studio Solution File, Format Version 12.00
# Visual Studio Version 17
VisualStudioVersion = 17.0.31717.71
MinimumVisualStudioVersion = 10.0.40219.1
Project("{2150E333-8FDC-42A3-9474-1A3956D46DE8}") = "Backend", "Backend", "{11CAC6F3-87BE-4360-A034-D990C6777B3F}"
EndProject
Project("{2150E333-8FDC-42A3-9474-1A3956D46DE8}") = "Frontend", "Frontend", "{56D1C248-2FB9-424F-9EFA-538C9674A258}"
EndProject
Project("{2150E333-8FDC-42A3-9474-1A3956D46DE8}") = "Shared", "Shared", "{E138E044-D9FC-48D8-B37B-C8E2413FA3B9}"
EndProject
Project("{9A19103F-16F7-4668-BE54-9A1E7A4F7556}") = "C9VLNK_HFT_2021221.Data", "C9VLNK_HFT_2021221.Data\C9VLNK_HFT_2021221.Data.csproj", "{241360AE-8B00-4CBB-BFED-16A4EEEF3C15}"
EndProject
Project("{9A19103F-16F7-4668-BE54-9A1E7A4F7556}") = "C9VLNK_HFT_2021221.Endpoint", "C9VLNK_HFT_2021221.Endpoint\C9VLNK_HFT_2021221.Endpoint.csproj", "{7E1507B8-22C6-489D-A01A-7DBBEC32DB9F}"
EndProject
Project("{9A19103F-16F7-4668-BE54-9A1E7A4F7556}") = "C9VLNK_HFT_2021221.Logic", "C9VLNK_HFT_2021221.Logic\C9VLNK_HFT_2021221.Logic.csproj", "{EAC064D9-D548-441C-B7CF-79924F7F972A}"
EndProject
Project("{9A19103F-16F7-4668-BE54-9A1E7A4F7556}") = "C9VLNK_HFT_2021221.Repository", "C9VLNK_HFT_2021221.Repository\C9VLNK_HFT_2021221.Repository.csproj", "{B4B58E67-D05E-4034-B84A-0D4E45A56C61}"
EndProject
Project("{9A19103F-16F7-4668-BE54-9A1E7A4F7556}") = "C9VLNK_HFT_2021221.Test", "C9VLNK_HFT_2021221.Test\C9VLNK_HFT_2021221.Test.csproj", "{25DB9138-50A3-4924-A146-FF46ABA0CEE0}"
EndProject
Project("{9A19103F-16F7-4668-BE54-9A1E7A4F7556}") = "C9VLNK_HFT_2021221.Models", "C9VLNK_HFT_2021221.Models\C9VLNK_HFT_2021221.Models.csproj", "{C6FA784D-3730-4CB7-84C6-E22E2CFD7AE4}"
EndProject
Project("{2150E333-8FDC-42A3-9474-1A3956D46DE8}") = "Others", "Others", "{9469C343-28C5-442F-A99E-AE25C21C2F9D}"
	ProjectSection(SolutionItems) = preProject
		.gitignore = .gitignore
	EndProjectSection
EndProject
Project("{9A19103F-16F7-4668-BE54-9A1E7A4F7556}") = "C9VLNK_HFT_2021221.Client", "C9VLNK_HFT_2021221.Client\C9VLNK_HFT_2021221.Client.csproj", "{77018FFE-C2E4-459E-9A41-3D4AD4DB0B9E}"
EndProject
Project("{9A19103F-16F7-4668-BE54-9A1E7A4F7556}") = "C9VLNK_HFT_20211221.WpfClient", "C9VLNK_HFT_20211221.WpfClient\C9VLNK_HFT_20211221.WpfClient.csproj", "{312FDD45-FD49-444A-9E43-2B68E21E4D84}"
EndProject
Project("{FAE04EC0-301F-11D3-BF4B-00C04F79EFBC}") = "C9VLNK_HFT_20211221.JsClient", "C9VLNK_HFT_20211221.JsClient\C9VLNK_HFT_20211221.JsClient.csproj", "{0C2590B9-4C66-4891-B8DC-804A800AF6B0}"
EndProject
Global
	GlobalSection(SolutionConfigurationPlatforms) = preSolution
		Debug|Any CPU = Debug|Any CPU
		Release|Any CPU = Release|Any CPU
	EndGlobalSection
	GlobalSection(ProjectConfigurationPlatforms) = postSolution
		{241360AE-8B00-4CBB-BFED-16A4EEEF3C15}.Debug|Any CPU.ActiveCfg = Debug|Any CPU
		{241360AE-8B00-4CBB-BFED-16A4EEEF3C15}.Debug|Any CPU.Build.0 = Debug|Any CPU
		{241360AE-8B00-4CBB-BFED-16A4EEEF3C15}.Release|Any CPU.ActiveCfg = Release|Any CPU
		{241360AE-8B00-4CBB-BFED-16A4EEEF3C15}.Release|Any CPU.Build.0 = Release|Any CPU
		{7E1507B8-22C6-489D-A01A-7DBBEC32DB9F}.Debug|Any CPU.ActiveCfg = Debug|Any CPU
		{7E1507B8-22C6-489D-A01A-7DBBEC32DB9F}.Debug|Any CPU.Build.0 = Debug|Any CPU
		{7E1507B8-22C6-489D-A01A-7DBBEC32DB9F}.Release|Any CPU.ActiveCfg = Release|Any CPU
		{7E1507B8-22C6-489D-A01A-7DBBEC32DB9F}.Release|Any CPU.Build.0 = Release|Any CPU
		{EAC064D9-D548-441C-B7CF-79924F7F972A}.Debug|Any CPU.ActiveCfg = Debug|Any CPU
		{EAC064D9-D548-441C-B7CF-79924F7F972A}.Debug|Any CPU.Build.0 = Debug|Any CPU
		{EAC064D9-D548-441C-B7CF-79924F7F972A}.Release|Any CPU.ActiveCfg = Release|Any CPU
		{EAC064D9-D548-441C-B7CF-79924F7F972A}.Release|Any CPU.Build.0 = Release|Any CPU
		{B4B58E67-D05E-4034-B84A-0D4E45A56C61}.Debug|Any CPU.ActiveCfg = Debug|Any CPU
		{B4B58E67-D05E-4034-B84A-0D4E45A56C61}.Debug|Any CPU.Build.0 = Debug|Any CPU
		{B4B58E67-D05E-4034-B84A-0D4E45A56C61}.Release|Any CPU.ActiveCfg = Release|Any CPU
		{B4B58E67-D05E-4034-B84A-0D4E45A56C61}.Release|Any CPU.Build.0 = Release|Any CPU
		{25DB9138-50A3-4924-A146-FF46ABA0CEE0}.Debug|Any CPU.ActiveCfg = Debug|Any CPU
		{25DB9138-50A3-4924-A146-FF46ABA0CEE0}.Debug|Any CPU.Build.0 = Debug|Any CPU
		{25DB9138-50A3-4924-A146-FF46ABA0CEE0}.Release|Any CPU.ActiveCfg = Release|Any CPU
		{25DB9138-50A3-4924-A146-FF46ABA0CEE0}.Release|Any CPU.Build.0 = Release|Any CPU
		{C6FA784D-3730-4CB7-84C6-E22E2CFD7AE4}.Debug|Any CPU.ActiveCfg = Debug|Any CPU
		{C6FA784D-3730-4CB7-84C6-E22E2CFD7AE4}.Debug|Any CPU.Build.0 = Debug|Any CPU
		{C6FA784D-3730-4CB7-84C6-E22E2CFD7AE4}.Release|Any CPU.ActiveCfg = Release|Any CPU
		{C6FA784D-3730-4CB7-84C6-E22E2CFD7AE4}.Release|Any CPU.Build.0 = Release|Any CPU
		{77018FFE-C2E4-459E-9A41-3D4AD4DB0B9E}.Debug|Any CPU.ActiveCfg = Debug|Any CPU
		{77018FFE-C2E4-459E-9A41-3D4AD4DB0B9E}.Debug|Any CPU.Build.0 = Debug|Any CPU
		{77018FFE-C2E4-459E-9A41-3D4AD4DB0B9E}.Release|Any CPU.ActiveCfg = Release|Any CPU
		{77018FFE-C2E4-459E-9A41-3D4AD4DB0B9E}.Release|Any CPU.Build.0 = Release|Any CPU
		{312FDD45-FD49-444A-9E43-2B68E21E4D84}.Debug|Any CPU.ActiveCfg = Debug|Any CPU
		{312FDD45-FD49-444A-9E43-2B68E21E4D84}.Debug|Any CPU.Build.0 = Debug|Any CPU
		{312FDD45-FD49-444A-9E43-2B68E21E4D84}.Release|Any CPU.ActiveCfg = Release|Any CPU
		{312FDD45-FD49-444A-9E43-2B68E21E4D84}.Release|Any CPU.Build.0 = Release|Any CPU
		{0C2590B9-4C66-4891-B8DC-804A800AF6B0}.Debug|Any CPU.ActiveCfg = Debug|Any CPU
		{0C2590B9-4C66-4891-B8DC-804A800AF6B0}.Debug|Any CPU.Build.0 = Debug|Any CPU
		{0C2590B9-4C66-4891-B8DC-804A800AF6B0}.Release|Any CPU.ActiveCfg = Release|Any CPU
		{0C2590B9-4C66-4891-B8DC-804A800AF6B0}.Release|Any CPU.Build.0 = Release|Any CPU
	EndGlobalSection
	GlobalSection(SolutionProperties) = preSolution
		HideSolutionNode = FALSE
	EndGlobalSection
	GlobalSection(NestedProjects) = preSolution
		{241360AE-8B00-4CBB-BFED-16A4EEEF3C15} = {11CAC6F3-87BE-4360-A034-D990C6777B3F}
		{7E1507B8-22C6-489D-A01A-7DBBEC32DB9F} = {11CAC6F3-87BE-4360-A034-D990C6777B3F}
		{EAC064D9-D548-441C-B7CF-79924F7F972A} = {11CAC6F3-87BE-4360-A034-D990C6777B3F}
		{B4B58E67-D05E-4034-B84A-0D4E45A56C61} = {11CAC6F3-87BE-4360-A034-D990C6777B3F}
		{25DB9138-50A3-4924-A146-FF46ABA0CEE0} = {11CAC6F3-87BE-4360-A034-D990C6777B3F}
		{C6FA784D-3730-4CB7-84C6-E22E2CFD7AE4} = {E138E044-D9FC-48D8-B37B-C8E2413FA3B9}
		{77018FFE-C2E4-459E-9A41-3D4AD4DB0B9E} = {56D1C248-2FB9-424F-9EFA-538C9674A258}
		{312FDD45-FD49-444A-9E43-2B68E21E4D84} = {56D1C248-2FB9-424F-9EFA-538C9674A258}
		{0C2590B9-4C66-4891-B8DC-804A800AF6B0} = {56D1C248-2FB9-424F-9EFA-538C9674A258}
	EndGlobalSection
	GlobalSection(ExtensibilityGlobals) = postSolution
		SolutionGuid = {4326D73A-57B0-4843-AA59-9E9C9FBE7CF8}
	EndGlobalSection
EndGlobal
